
Microsoft Visual Studio Solution File, Format Version 12.00
# Visual Studio Version 17
VisualStudioVersion = 17.3.32901.215
MinimumVisualStudioVersion = 10.0.40219.1
Project("{FAE04EC0-301F-11D3-BF4B-00C04F79EFBC}") = "functio", "functio\functio.csproj", "{67844703-3B12-4307-B7B4-487D0E936088}"
EndProject
Global
	GlobalSection(SolutionConfigurationPlatforms) = preSolution
		Debug|Any CPU = Debug|Any CPU
		Release|Any CPU = Release|Any CPU
	EndGlobalSection
	GlobalSection(ProjectConfigurationPlatforms) = postSolution
		{67844703-3B12-4307-B7B4-487D0E936088}.Debug|Any CPU.ActiveCfg = Debug|Any CPU
		{67844703-3B12-4307-B7B4-487D0E936088}.Debug|Any CPU.Build.0 = Debug|Any CPU
		{67844703-3B12-4307-B7B4-487D0E936088}.Release|Any CPU.ActiveCfg = Release|Any CPU
		{67844703-3B12-4307-B7B4-487D0E936088}.Release|Any CPU.Build.0 = Release|Any CPU
	EndGlobalSection
	GlobalSection(SolutionProperties) = preSolution
		HideSolutionNode = FALSE
	EndGlobalSection
	GlobalSection(ExtensibilityGlobals) = postSolution
		SolutionGuid = {CAA3A480-E485-4924-84C0-50E1D4243F56}
	EndGlobalSection
EndGlobal
